// !$*UTF8*$!
{
	archiveVersion = 1;
	classes = {
	};
	objectVersion = 50;
	objects = {

/* Begin PBXBuildFile section */
		83D130E72414AF7F007EC200 /* AppDelegate.swift in Sources */ = {isa = PBXBuildFile; fileRef = 83D130E62414AF7F007EC200 /* AppDelegate.swift */; };
		83D130E92414AF7F007EC200 /* SceneDelegate.swift in Sources */ = {isa = PBXBuildFile; fileRef = 83D130E82414AF7F007EC200 /* SceneDelegate.swift */; };
		83D130EB2414AF7F007EC200 /* ContentView.swift in Sources */ = {isa = PBXBuildFile; fileRef = 83D130EA2414AF7F007EC200 /* ContentView.swift */; };
		83D130ED2414AF80007EC200 /* Assets.xcassets in Resources */ = {isa = PBXBuildFile; fileRef = 83D130EC2414AF80007EC200 /* Assets.xcassets */; };
		83D130F02414AF80007EC200 /* Preview Assets.xcassets in Resources */ = {isa = PBXBuildFile; fileRef = 83D130EF2414AF80007EC200 /* Preview Assets.xcassets */; };
		83D130F32414AF80007EC200 /* LaunchScreen.storyboard in Resources */ = {isa = PBXBuildFile; fileRef = 83D130F12414AF80007EC200 /* LaunchScreen.storyboard */; };
		83D131252414BF39007EC200 /* Color+AppColor.swift in Sources */ = {isa = PBXBuildFile; fileRef = 83D131242414BF39007EC200 /* Color+AppColor.swift */; };
		83D131272414C16C007EC200 /* LinearGradient+Variadic.swift in Sources */ = {isa = PBXBuildFile; fileRef = 83D131262414C16C007EC200 /* LinearGradient+Variadic.swift */; };
		83D131292414F491007EC200 /* PrimaryButtonStyle.swift in Sources */ = {isa = PBXBuildFile; fileRef = 83D131282414F491007EC200 /* PrimaryButtonStyle.swift */; };
		83D1312B241500C2007EC200 /* DarkNeoBackground.swift in Sources */ = {isa = PBXBuildFile; fileRef = 83D1312A241500C2007EC200 /* DarkNeoBackground.swift */; };
		83D1312D241500E9007EC200 /* NeoDarkButtonStyle.swift in Sources */ = {isa = PBXBuildFile; fileRef = 83D1312C241500E9007EC200 /* NeoDarkButtonStyle.swift */; };
		83D1312F24150AA4007EC200 /* FavouriteCard.swift in Sources */ = {isa = PBXBuildFile; fileRef = 83D1312E24150AA4007EC200 /* FavouriteCard.swift */; };
		83D131312415393C007EC200 /* CardButtonStyle.swift in Sources */ = {isa = PBXBuildFile; fileRef = 83D131302415393C007EC200 /* CardButtonStyle.swift */; };
		83D131332415395A007EC200 /* CardBackground.swift in Sources */ = {isa = PBXBuildFile; fileRef = 83D131322415395A007EC200 /* CardBackground.swift */; };
		83D131352415399F007EC200 /* PlaylistsView.swift in Sources */ = {isa = PBXBuildFile; fileRef = 83D131342415399F007EC200 /* PlaylistsView.swift */; };
/* End PBXBuildFile section */

/* Begin PBXFileReference section */
		832458442415F1210077F537 /* README.md */ = {isa = PBXFileReference; lastKnownFileType = net.daringfireball.markdown; path = README.md; sourceTree = "<group>"; };
		83D130E32414AF7F007EC200 /* Neo Music.app */ = {isa = PBXFileReference; explicitFileType = wrapper.application; includeInIndex = 0; path = "Neo Music.app"; sourceTree = BUILT_PRODUCTS_DIR; };
		83D130E62414AF7F007EC200 /* AppDelegate.swift */ = {isa = PBXFileReference; lastKnownFileType = sourcecode.swift; path = AppDelegate.swift; sourceTree = "<group>"; };
		83D130E82414AF7F007EC200 /* SceneDelegate.swift */ = {isa = PBXFileReference; lastKnownFileType = sourcecode.swift; path = SceneDelegate.swift; sourceTree = "<group>"; };
		83D130EA2414AF7F007EC200 /* ContentView.swift */ = {isa = PBXFileReference; lastKnownFileType = sourcecode.swift; path = ContentView.swift; sourceTree = "<group>"; };
		83D130EC2414AF80007EC200 /* Assets.xcassets */ = {isa = PBXFileReference; lastKnownFileType = folder.assetcatalog; path = Assets.xcassets; sourceTree = "<group>"; };
		83D130EF2414AF80007EC200 /* Preview Assets.xcassets */ = {isa = PBXFileReference; lastKnownFileType = folder.assetcatalog; path = "Preview Assets.xcassets"; sourceTree = "<group>"; };
		83D130F22414AF80007EC200 /* Base */ = {isa = PBXFileReference; lastKnownFileType = file.storyboard; name = Base; path = Base.lproj/LaunchScreen.storyboard; sourceTree = "<group>"; };
		83D130F42414AF80007EC200 /* Info.plist */ = {isa = PBXFileReference; lastKnownFileType = text.plist.xml; path = Info.plist; sourceTree = "<group>"; };
		83D131242414BF39007EC200 /* Color+AppColor.swift */ = {isa = PBXFileReference; lastKnownFileType = sourcecode.swift; path = "Color+AppColor.swift"; sourceTree = "<group>"; };
		83D131262414C16C007EC200 /* LinearGradient+Variadic.swift */ = {isa = PBXFileReference; lastKnownFileType = sourcecode.swift; path = "LinearGradient+Variadic.swift"; sourceTree = "<group>"; };
		83D131282414F491007EC200 /* PrimaryButtonStyle.swift */ = {isa = PBXFileReference; lastKnownFileType = sourcecode.swift; path = PrimaryButtonStyle.swift; sourceTree = "<group>"; };
		83D1312A241500C2007EC200 /* DarkNeoBackground.swift */ = {isa = PBXFileReference; lastKnownFileType = sourcecode.swift; path = DarkNeoBackground.swift; sourceTree = "<group>"; };
		83D1312C241500E9007EC200 /* NeoDarkButtonStyle.swift */ = {isa = PBXFileReference; lastKnownFileType = sourcecode.swift; path = NeoDarkButtonStyle.swift; sourceTree = "<group>"; };
		83D1312E24150AA4007EC200 /* FavouriteCard.swift */ = {isa = PBXFileReference; lastKnownFileType = sourcecode.swift; path = FavouriteCard.swift; sourceTree = "<group>"; };
		83D131302415393C007EC200 /* CardButtonStyle.swift */ = {isa = PBXFileReference; lastKnownFileType = sourcecode.swift; path = CardButtonStyle.swift; sourceTree = "<group>"; };
		83D131322415395A007EC200 /* CardBackground.swift */ = {isa = PBXFileReference; lastKnownFileType = sourcecode.swift; path = CardBackground.swift; sourceTree = "<group>"; };
		83D131342415399F007EC200 /* PlaylistsView.swift */ = {isa = PBXFileReference; lastKnownFileType = sourcecode.swift; path = PlaylistsView.swift; sourceTree = "<group>"; };
/* End PBXFileReference section */

/* Begin PBXFrameworksBuildPhase section */
		83D130E02414AF7F007EC200 /* Frameworks */ = {
			isa = PBXFrameworksBuildPhase;
			buildActionMask = 2147483647;
			files = (
			);
			runOnlyForDeploymentPostprocessing = 0;
		};
/* End PBXFrameworksBuildPhase section */

/* Begin PBXGroup section */
		83D130DA2414AF7F007EC200 = {
			isa = PBXGroup;
			children = (
				832458442415F1210077F537 /* README.md */,
				83D130E52414AF7F007EC200 /* Neo Music */,
				83D130E42414AF7F007EC200 /* Products */,
			);
			sourceTree = "<group>";
		};
		83D130E42414AF7F007EC200 /* Products */ = {
			isa = PBXGroup;
			children = (
				83D130E32414AF7F007EC200 /* Neo Music.app */,
			);
			name = Products;
			sourceTree = "<group>";
		};
		83D130E52414AF7F007EC200 /* Neo Music */ = {
			isa = PBXGroup;
			children = (
				83D130E62414AF7F007EC200 /* AppDelegate.swift */,
				83D131342415399F007EC200 /* PlaylistsView.swift */,
				83D130E82414AF7F007EC200 /* SceneDelegate.swift */,
				83D130EA2414AF7F007EC200 /* ContentView.swift */,
				83D130EC2414AF80007EC200 /* Assets.xcassets */,
				83D130F12414AF80007EC200 /* LaunchScreen.storyboard */,
				83D130F42414AF80007EC200 /* Info.plist */,
				83D130EE2414AF80007EC200 /* Preview Content */,
				83D131242414BF39007EC200 /* Color+AppColor.swift */,
				83D131262414C16C007EC200 /* LinearGradient+Variadic.swift */,
				83D131282414F491007EC200 /* PrimaryButtonStyle.swift */,
				83D1312A241500C2007EC200 /* DarkNeoBackground.swift */,
				83D1312C241500E9007EC200 /* NeoDarkButtonStyle.swift */,
				83D1312E24150AA4007EC200 /* FavouriteCard.swift */,
				83D131302415393C007EC200 /* CardButtonStyle.swift */,
				83D131322415395A007EC200 /* CardBackground.swift */,
			);
			path = "Neo Music";
			sourceTree = "<group>";
		};
		83D130EE2414AF80007EC200 /* Preview Content */ = {
			isa = PBXGroup;
			children = (
				83D130EF2414AF80007EC200 /* Preview Assets.xcassets */,
			);
			path = "Preview Content";
			sourceTree = "<group>";
		};
/* End PBXGroup section */

/* Begin PBXNativeTarget section */
		83D130E22414AF7F007EC200 /* Neo Music */ = {
			isa = PBXNativeTarget;
			buildConfigurationList = 83D130F72414AF80007EC200 /* Build configuration list for PBXNativeTarget "Neo Music" */;
			buildPhases = (
				83D130DF2414AF7F007EC200 /* Sources */,
				83D130E02414AF7F007EC200 /* Frameworks */,
				83D130E12414AF7F007EC200 /* Resources */,
			);
			buildRules = (
			);
			dependencies = (
			);
			name = "Neo Music";
			productName = "Neo Music";
			productReference = 83D130E32414AF7F007EC200 /* Neo Music.app */;
			productType = "com.apple.product-type.application";
		};
/* End PBXNativeTarget section */

/* Begin PBXProject section */
		83D130DB2414AF7F007EC200 /* Project object */ = {
			isa = PBXProject;
			attributes = {
				LastSwiftUpdateCheck = 1130;
				LastUpgradeCheck = 1130;
				ORGANIZATIONNAME = dominator;
				TargetAttributes = {
					83D130E22414AF7F007EC200 = {
						CreatedOnToolsVersion = 11.3.1;
					};
				};
			};
			buildConfigurationList = 83D130DE2414AF7F007EC200 /* Build configuration list for PBXProject "Neo Music" */;
			compatibilityVersion = "Xcode 9.3";
			developmentRegion = en;
			hasScannedForEncodings = 0;
			knownRegions = (
				en,
				Base,
			);
			mainGroup = 83D130DA2414AF7F007EC200;
			productRefGroup = 83D130E42414AF7F007EC200 /* Products */;
			projectDirPath = "";
			projectRoot = "";
			targets = (
				83D130E22414AF7F007EC200 /* Neo Music */,
			);
		};
/* End PBXProject section */

/* Begin PBXResourcesBuildPhase section */
		83D130E12414AF7F007EC200 /* Resources */ = {
			isa = PBXResourcesBuildPhase;
			buildActionMask = 2147483647;
			files = (
				83D130F32414AF80007EC200 /* LaunchScreen.storyboard in Resources */,
				83D130F02414AF80007EC200 /* Preview Assets.xcassets in Resources */,
				83D130ED2414AF80007EC200 /* Assets.xcassets in Resources */,
			);
			runOnlyForDeploymentPostprocessing = 0;
		};
/* End PBXResourcesBuildPhase section */

/* Begin PBXSourcesBuildPhase section */
		83D130DF2414AF7F007EC200 /* Sources */ = {
			isa = PBXSourcesBuildPhase;
			buildActionMask = 2147483647;
			files = (
				83D131292414F491007EC200 /* PrimaryButtonStyle.swift in Sources */,
				83D131272414C16C007EC200 /* LinearGradient+Variadic.swift in Sources */,
				83D1312B241500C2007EC200 /* DarkNeoBackground.swift in Sources */,
				83D131312415393C007EC200 /* CardButtonStyle.swift in Sources */,
				83D130E72414AF7F007EC200 /* AppDelegate.swift in Sources */,
				83D1312D241500E9007EC200 /* NeoDarkButtonStyle.swift in Sources */,
				83D131352415399F007EC200 /* PlaylistsView.swift in Sources */,
				83D131252414BF39007EC200 /* Color+AppColor.swift in Sources */,
				83D130E92414AF7F007EC200 /* SceneDelegate.swift in Sources */,
				83D131332415395A007EC200 /* CardBackground.swift in Sources */,
				83D130EB2414AF7F007EC200 /* ContentView.swift in Sources */,
				83D1312F24150AA4007EC200 /* FavouriteCard.swift in Sources */,
			);
			runOnlyForDeploymentPostprocessing = 0;
		};
/* End PBXSourcesBuildPhase section */

/* Begin PBXVariantGroup section */
		83D130F12414AF80007EC200 /* LaunchScreen.storyboard */ = {
			isa = PBXVariantGroup;
			children = (
				83D130F22414AF80007EC200 /* Base */,
			);
			name = LaunchScreen.storyboard;
			sourceTree = "<group>";
		};
/* End PBXVariantGroup section */

/* Begin XCBuildConfiguration section */
		83D130F52414AF80007EC200 /* Debug */ = {
			isa = XCBuildConfiguration;
			buildSettings = {
				ALWAYS_SEARCH_USER_PATHS = NO;
				CLANG_ANALYZER_NONNULL = YES;
				CLANG_ANALYZER_NUMBER_OBJECT_CONVERSION = YES_AGGRESSIVE;
				CLANG_CXX_LANGUAGE_STANDARD = "gnu++14";
				CLANG_CXX_LIBRARY = "libc++";
				CLANG_ENABLE_MODULES = YES;
				CLANG_ENABLE_OBJC_ARC = YES;
				CLANG_ENABLE_OBJC_WEAK = YES;
				CLANG_WARN_BLOCK_CAPTURE_AUTORELEASING = YES;
				CLANG_WARN_BOOL_CONVERSION = YES;
				CLANG_WARN_COMMA = YES;
				CLANG_WARN_CONSTANT_CONVERSION = YES;
				CLANG_WARN_DEPRECATED_OBJC_IMPLEMENTATIONS = YES;
				CLANG_WARN_DIRECT_OBJC_ISA_USAGE = YES_ERROR;
				CLANG_WARN_DOCUMENTATION_COMMENTS = YES;
				CLANG_WARN_EMPTY_BODY = YES;
				CLANG_WARN_ENUM_CONVERSION = YES;
				CLANG_WARN_INFINITE_RECURSION = YES;
				CLANG_WARN_INT_CONVERSION = YES;
				CLANG_WARN_NON_LITERAL_NULL_CONVERSION = YES;
				CLANG_WARN_OBJC_IMPLICIT_RETAIN_SELF = YES;
				CLANG_WARN_OBJC_LITERAL_CONVERSION = YES;
				CLANG_WARN_OBJC_ROOT_CLASS = YES_ERROR;
				CLANG_WARN_RANGE_LOOP_ANALYSIS = YES;
				CLANG_WARN_STRICT_PROTOTYPES = YES;
				CLANG_WARN_SUSPICIOUS_MOVE = YES;
				CLANG_WARN_UNGUARDED_AVAILABILITY = YES_AGGRESSIVE;
				CLANG_WARN_UNREACHABLE_CODE = YES;
				CLANG_WARN__DUPLICATE_METHOD_MATCH = YES;
				COPY_PHASE_STRIP = NO;
				DEBUG_INFORMATION_FORMAT = dwarf;
				ENABLE_STRICT_OBJC_MSGSEND = YES;
				ENABLE_TESTABILITY = YES;
				GCC_C_LANGUAGE_STANDARD = gnu11;
				GCC_DYNAMIC_NO_PIC = NO;
				GCC_NO_COMMON_BLOCKS = YES;
				GCC_OPTIMIZATION_LEVEL = 0;
				GCC_PREPROCESSOR_DEFINITIONS = (
					"DEBUG=1",
					"$(inherited)",
				);
				GCC_WARN_64_TO_32_BIT_CONVERSION = YES;
				GCC_WARN_ABOUT_RETURN_TYPE = YES_ERROR;
				GCC_WARN_UNDECLARED_SELECTOR = YES;
				GCC_WARN_UNINITIALIZED_AUTOS = YES_AGGRESSIVE;
				GCC_WARN_UNUSED_FUNCTION = YES;
				GCC_WARN_UNUSED_VARIABLE = YES;
				IPHONEOS_DEPLOYMENT_TARGET = 13.2;
				MTL_ENABLE_DEBUG_INFO = INCLUDE_SOURCE;
				MTL_FAST_MATH = YES;
				ONLY_ACTIVE_ARCH = YES;
				SDKROOT = iphoneos;
				SWIFT_ACTIVE_COMPILATION_CONDITIONS = DEBUG;
				SWIFT_OPTIMIZATION_LEVEL = "-Onone";
			};
			name = Debug;
		};
		83D130F62414AF80007EC200 /* Release */ = {
			isa = XCBuildConfiguration;
			buildSettings = {
				ALWAYS_SEARCH_USER_PATHS = NO;
				CLANG_ANALYZER_NONNULL = YES;
				CLANG_ANALYZER_NUMBER_OBJECT_CONVERSION = YES_AGGRESSIVE;
				CLANG_CXX_LANGUAGE_STANDARD = "gnu++14";
				CLANG_CXX_LIBRARY = "libc++";
				CLANG_ENABLE_MODULES = YES;
				CLANG_ENABLE_OBJC_ARC = YES;
				CLANG_ENABLE_OBJC_WEAK = YES;
				CLANG_WARN_BLOCK_CAPTURE_AUTORELEASING = YES;
				CLANG_WARN_BOOL_CONVERSION = YES;
				CLANG_WARN_COMMA = YES;
				CLANG_WARN_CONSTANT_CONVERSION = YES;
				CLANG_WARN_DEPRECATED_OBJC_IMPLEMENTATIONS = YES;
				CLANG_WARN_DIRECT_OBJC_ISA_USAGE = YES_ERROR;
				CLANG_WARN_DOCUMENTATION_COMMENTS = YES;
				CLANG_WARN_EMPTY_BODY = YES;
				CLANG_WARN_ENUM_CONVERSION = YES;
				CLANG_WARN_INFINITE_RECURSION = YES;
				CLANG_WARN_INT_CONVERSION = YES;
				CLANG_WARN_NON_LITERAL_NULL_CONVERSION = YES;
				CLANG_WARN_OBJC_IMPLICIT_RETAIN_SELF = YES;
				CLANG_WARN_OBJC_LITERAL_CONVERSION = YES;
				CLANG_WARN_OBJC_ROOT_CLASS = YES_ERROR;
				CLANG_WARN_RANGE_LOOP_ANALYSIS = YES;
				CLANG_WARN_STRICT_PROTOTYPES = YES;
				CLANG_WARN_SUSPICIOUS_MOVE = YES;
				CLANG_WARN_UNGUARDED_AVAILABILITY = YES_AGGRESSIVE;
				CLANG_WARN_UNREACHABLE_CODE = YES;
				CLANG_WARN__DUPLICATE_METHOD_MATCH = YES;
				COPY_PHASE_STRIP = NO;
				DEBUG_INFORMATION_FORMAT = "dwarf-with-dsym";
				ENABLE_NS_ASSERTIONS = NO;
				ENABLE_STRICT_OBJC_MSGSEND = YES;
				GCC_C_LANGUAGE_STANDARD = gnu11;
				GCC_NO_COMMON_BLOCKS = YES;
				GCC_WARN_64_TO_32_BIT_CONVERSION = YES;
				GCC_WARN_ABOUT_RETURN_TYPE = YES_ERROR;
				GCC_WARN_UNDECLARED_SELECTOR = YES;
				GCC_WARN_UNINITIALIZED_AUTOS = YES_AGGRESSIVE;
				GCC_WARN_UNUSED_FUNCTION = YES;
				GCC_WARN_UNUSED_VARIABLE = YES;
				IPHONEOS_DEPLOYMENT_TARGET = 13.2;
				MTL_ENABLE_DEBUG_INFO = NO;
				MTL_FAST_MATH = YES;
				SDKROOT = iphoneos;
				SWIFT_COMPILATION_MODE = wholemodule;
				SWIFT_OPTIMIZATION_LEVEL = "-O";
				VALIDATE_PRODUCT = YES;
			};
			name = Release;
		};
		83D130F82414AF80007EC200 /* Debug */ = {
			isa = XCBuildConfiguration;
			buildSettings = {
				ASSETCATALOG_COMPILER_APPICON_NAME = AppIcon;
				CODE_SIGN_STYLE = Automatic;
				DEVELOPMENT_ASSET_PATHS = "\"Neo Music/Preview Content\"";
				DEVELOPMENT_TEAM = NWJALMT777;
				ENABLE_PREVIEWS = YES;
				INFOPLIST_FILE = "Neo Music/Info.plist";
				LD_RUNPATH_SEARCH_PATHS = (
					"$(inherited)",
					"@executable_path/Frameworks",
				);
				PRODUCT_BUNDLE_IDENTIFIER = "co.amitsamant.Neo-Music";
				PRODUCT_NAME = "$(TARGET_NAME)";
				SWIFT_VERSION = 5.0;
				TARGETED_DEVICE_FAMILY = "1,2";
			};
			name = Debug;
		};
		83D130F92414AF80007EC200 /* Release */ = {
			isa = XCBuildConfiguration;
			buildSettings = {
				ASSETCATALOG_COMPILER_APPICON_NAME = AppIcon;
				CODE_SIGN_STYLE = Automatic;
				DEVELOPMENT_ASSET_PATHS = "\"Neo Music/Preview Content\"";
				DEVELOPMENT_TEAM = NWJALMT777;
				ENABLE_PREVIEWS = YES;
				INFOPLIST_FILE = "Neo Music/Info.plist";
				LD_RUNPATH_SEARCH_PATHS = (
					"$(inherited)",
					"@executable_path/Frameworks",
				);
				PRODUCT_BUNDLE_IDENTIFIER = "co.amitsamant.Neo-Music";
				PRODUCT_NAME = "$(TARGET_NAME)";
				SWIFT_VERSION = 5.0;
				TARGETED_DEVICE_FAMILY = "1,2";
			};
			name = Release;
		};
/* End XCBuildConfiguration section */

/* Begin XCConfigurationList section */
		83D130DE2414AF7F007EC200 /* Build configuration list for PBXProject "Neo Music" */ = {
			isa = XCConfigurationList;
			buildConfigurations = (
				83D130F52414AF80007EC200 /* Debug */,
				83D130F62414AF80007EC200 /* Release */,
			);
			defaultConfigurationIsVisible = 0;
			defaultConfigurationName = Release;
		};
		83D130F72414AF80007EC200 /* Build configuration list for PBXNativeTarget "Neo Music" */ = {
			isa = XCConfigurationList;
			buildConfigurations = (
				83D130F82414AF80007EC200 /* Debug */,
				83D130F92414AF80007EC200 /* Release */,
			);
			defaultConfigurationIsVisible = 0;
			defaultConfigurationName = Release;
		};
/* End XCConfigurationList section */
	};
	rootObject = 83D130DB2414AF7F007EC200 /* Project object */;
}
